
Microsoft Visual Studio Solution File, Format Version 12.00
# Visual Studio 15
VisualStudioVersion = 15.0.27130.2027
MinimumVisualStudioVersion = 10.0.40219.1
Project("{9A19103F-16F7-4668-BE54-9A1E7A4F7556}") = "Raygun.Druid4Net", "Raygun.Druid4Net\Raygun.Druid4Net.csproj", "{A0971AC2-69BD-4E48-882A-9CF6A9253D3A}"
EndProject
Project("{FAE04EC0-301F-11D3-BF4B-00C04F79EFBC}") = "Raygun.Druid4Net.Tests", "Raygun.Druid4Net.Tests\Raygun.Druid4Net.Tests.csproj", "{9FE9173A-4124-4E68-B179-E19DCBCB94A1}"
EndProject
Project("{FAE04EC0-301F-11D3-BF4B-00C04F79EFBC}") = "Raygun.Druid4Net.IntegrationTests", "Raygun.Druid4Net.IntegrationTests\Raygun.Druid4Net.IntegrationTests.csproj", "{05803F24-FB3C-4F06-8D97-F06E77B6E17B}"
EndProject
Project("{2150E333-8FDC-42A3-9474-1A3956D46DE8}") = "Build", "Build", "{8F77C055-AA50-4EDD-94F9-67B286AA5A12}"
ProjectSection(SolutionItems) = preProject
	Build\build.ps1 = Build\build.ps1
EndProjectSection
EndProject
Global
	GlobalSection(SolutionConfigurationPlatforms) = preSolution
		Debug|Any CPU = Debug|Any CPU
		Release|Any CPU = Release|Any CPU
	EndGlobalSection
	GlobalSection(ProjectConfigurationPlatforms) = postSolution
		{A0971AC2-69BD-4E48-882A-9CF6A9253D3A}.Debug|Any CPU.ActiveCfg = Debug|Any CPU
		{A0971AC2-69BD-4E48-882A-9CF6A9253D3A}.Debug|Any CPU.Build.0 = Debug|Any CPU
		{A0971AC2-69BD-4E48-882A-9CF6A9253D3A}.Release|Any CPU.ActiveCfg = Release|Any CPU
		{A0971AC2-69BD-4E48-882A-9CF6A9253D3A}.Release|Any CPU.Build.0 = Release|Any CPU
		{9FE9173A-4124-4E68-B179-E19DCBCB94A1}.Debug|Any CPU.ActiveCfg = Debug|Any CPU
		{9FE9173A-4124-4E68-B179-E19DCBCB94A1}.Debug|Any CPU.Build.0 = Debug|Any CPU
		{9FE9173A-4124-4E68-B179-E19DCBCB94A1}.Release|Any CPU.ActiveCfg = Release|Any CPU
		{9FE9173A-4124-4E68-B179-E19DCBCB94A1}.Release|Any CPU.Build.0 = Release|Any CPU
		{05803F24-FB3C-4F06-8D97-F06E77B6E17B}.Debug|Any CPU.ActiveCfg = Debug|Any CPU
		{05803F24-FB3C-4F06-8D97-F06E77B6E17B}.Debug|Any CPU.Build.0 = Debug|Any CPU
		{05803F24-FB3C-4F06-8D97-F06E77B6E17B}.Release|Any CPU.ActiveCfg = Release|Any CPU
		{05803F24-FB3C-4F06-8D97-F06E77B6E17B}.Release|Any CPU.Build.0 = Release|Any CPU
	EndGlobalSection
	GlobalSection(SolutionProperties) = preSolution
		HideSolutionNode = FALSE
	EndGlobalSection
	GlobalSection(ExtensibilityGlobals) = postSolution
		SolutionGuid = {1AAAD3F2-8081-46A0-9B9E-7A54ACCCF054}
	EndGlobalSection
EndGlobal
